<?xml version="1.0" encoding="UTF-8" standalone="yes" ?>
<CodeBlocks_project_file>
	<FileVersion major="1" minor="6" />
	<Project>
		<Option title="NetCrawler" />
		<Option pch_mode="2" />
		<Option compiler="gcc" />
		<Build>
			<Target title="Win32 Release">
				<Option output="C:/Users/86187/Desktop/Crawler/Crawler/Release/NetCrawler" prefix_auto="1" extension_auto="1" />
				<Option object_output="Release" />
				<Option type="0" />
				<Option compiler="gcc" />
				<Compiler>
					<Add option="-W" />
					<Add option="-fexceptions" />
					<Add option="-O2" />
					<Add option="-DWIN32" />
					<Add option="-DNDEBUG" />
					<Add option="-D_WINDOWS" />
					<Add option="-D_AFXDLL" />
					<Add option="-D_MBCS" />
				</Compiler>
				<Linker>
					<Add library="Wininet" />
				</Linker>
			</Target>
			<Target title="Win32 Debug">
				<Option output="C:/Users/86187/Desktop/Crawler/Crawler/Debug/NetCrawler" prefix_auto="1" extension_auto="1" />
				<Option object_output="Debug" />
				<Option type="0" />
				<Option compiler="gcc" />
				<Compiler>
					<Add option="-W" />
					<Add option="-fexceptions" />
					<Add option="-g" />
					<Add option="-DWIN32" />
					<Add option="-D_DEBUG" />
					<Add option="-D_WINDOWS" />
					<Add option="-D_AFXDLL" />
					<Add option="-D_MBCS" />
				</Compiler>
				<Linker>
					<Add library="Wininet" />
				</Linker>
			</Target>
		</Build>
		<Unit filename="DownloadData.cpp" />
		<Unit filename="DownloadData.h" />
		<Unit filename="MainThread.cpp" />
		<Unit filename="MainThread.h" />
		<Unit filename="NetCrawler.cpp" />
		<Unit filename="NetCrawler.h" />
		<Unit filename="NetCrawler.rc">
			<Option compilerVar="WINDRES" />
		</Unit>
		<Unit filename="NetCrawlerDlg.cpp" />
		<Unit filename="NetCrawlerDlg.h" />
		<Unit filename="ProjectDlg.cpp" />
		<Unit filename="ProjectDlg.h" />
		<Unit filename="ReadMe.txt" />
		<Unit filename="Resource.h" />
		<Unit filename="StdAfx.cpp" />
		<Unit filename="StdAfx.h" />
		<Unit filename="res/NetCrawler.ico" />
		<Unit filename="res/NetCrawler.rc2" />
		<Extensions>
			<lib_finder disable_auto="1" />
		</Extensions>
	</Project>
</CodeBlocks_project_file>
